
Microsoft Visual Studio Solution File, Format Version 12.00
# Visual Studio Version 16
VisualStudioVersion = 16.0.30406.217
MinimumVisualStudioVersion = 10.0.40219.1
Project("{9A19103F-16F7-4668-BE54-9A1E7A4F7556}") = "QStack.Blog", "QStack.Blog\QStack.Blog.csproj", "{918DA4E0-9DDF-41EA-883A-C06C6DFBBD27}"
EndProject
Project("{2150E333-8FDC-42A3-9474-1A3956D46DE8}") = "Plugins", "Plugins", "{483F9BA2-CC0B-469B-8D78-FB022F555F1E}"
EndProject
Project("{2150E333-8FDC-42A3-9474-1A3956D46DE8}") = "QStack.Blog.DemoPlugin.Mvc", "QStack.Blog.DemoPlugin.Mvc", "{EA28D738-0FFC-4D80-B2C3-402AC6DA2357}"
EndProject
Project("{9A19103F-16F7-4668-BE54-9A1E7A4F7556}") = "QStack.Blog.DemoPlugin.Mvc", "QStack.Blog.DemoPlugin.Mvc\QStack.Blog.DemoPlugin.Mvc.csproj", "{65303936-3E54-46DD-987E-2D892B66067D}"
EndProject
Project("{2150E333-8FDC-42A3-9474-1A3956D46DE8}") = "QStack.Blog.Docker.Crawler", "QStack.Blog.Docker.Crawler", "{022D4A87-1A41-49E7-9A16-E79AF7DC7981}"
EndProject
Project("{9A19103F-16F7-4668-BE54-9A1E7A4F7556}") = "QStack.Blog.Docker.Crawler", "QStack.Blog.Docker.Crawler\QStack.Blog.Docker.Crawler.csproj", "{11805969-E1AF-4B08-8FC8-218A0E755E16}"
EndProject
Project("{9A19103F-16F7-4668-BE54-9A1E7A4F7556}") = "QStack.Blog.Plugins.Build", "QStack.Blog.Plugins.Build\QStack.Blog.Plugins.Build.csproj", "{BDE2B318-339E-4998-A35F-5CD192BB02F5}"
EndProject
Project("{9A19103F-16F7-4668-BE54-9A1E7A4F7556}") = "QStack.Blog.Plugins.Debug", "QStack.Blog.Plugins.Debug\QStack.Blog.Plugins.Debug.csproj", "{C24A9B15-4577-4DCD-A960-9ECB3B7F07B0}"
EndProject
Project("{9A19103F-16F7-4668-BE54-9A1E7A4F7556}") = "QStack.Framework.AspNetCore.Plugin", "QStack.Framework.AspNetCore.Plugin\QStack.Framework.AspNetCore.Plugin.csproj", "{CCF663FB-C1D2-495B-8200-C60AC66452D8}"
EndProject
Project("{9A19103F-16F7-4668-BE54-9A1E7A4F7556}") = "QStack.Framework.AspNetCore.Plugin.Contracts", "QStack.Framework.AspNetCore.Plugin.Contracts\QStack.Framework.AspNetCore.Plugin.Contracts.csproj", "{E83D935A-4C75-4F8E-B1CC-9060AFBF014C}"
EndProject
Project("{9A19103F-16F7-4668-BE54-9A1E7A4F7556}") = "QStack.Framework.Basic.IServices", "QStack.Framework.Basic.IServices\QStack.Framework.Basic.IServices.csproj", "{68FA2266-842A-41E5-8F6A-4F5B1212FBD1}"
EndProject
Project("{9A19103F-16F7-4668-BE54-9A1E7A4F7556}") = "QStack.Framework.Basic.Model", "QStack.Framework.Basic.Models\QStack.Framework.Basic.Model.csproj", "{785B82C4-6D0A-4AF2-9A59-01D89C551360}"
EndProject
Project("{9A19103F-16F7-4668-BE54-9A1E7A4F7556}") = "Qstack.Framework.Basic.Services", "QStack.Framework.Basic.Services\Qstack.Framework.Basic.Services.csproj", "{237CA436-47FE-45A7-B037-63BF9E2D6173}"
EndProject
Project("{9A19103F-16F7-4668-BE54-9A1E7A4F7556}") = "QStack.Framework.Core", "QStack.Framework.Core\QStack.Framework.Core.csproj", "{625A37F1-3AF2-46A8-83B3-C71B73C7E4EF}"
EndProject
Project("{9A19103F-16F7-4668-BE54-9A1E7A4F7556}") = "QStack.Framework.HangFire", "QStack.Framework.HangFire\QStack.Framework.HangFire.csproj", "{5B9ED869-5FDB-4F40-B64F-868916548A64}"
EndProject
Project("{9A19103F-16F7-4668-BE54-9A1E7A4F7556}") = "QStack.Framework.Persistent.EFCore", "QStack.Framework.Persistent.EFCore\QStack.Framework.Persistent.EFCore.csproj", "{1C69984C-B8FA-4450-A400-6942C6D38E4E}"
EndProject
Project("{9A19103F-16F7-4668-BE54-9A1E7A4F7556}") = "QStack.Framework.Persistent.EFCore.External", "QStack.Framework.Persistent.EFCore.External\QStack.Framework.Persistent.EFCore.External.csproj", "{A9850349-A38D-4934-8C42-BB5F06010DEA}"
EndProject
Project("{9A19103F-16F7-4668-BE54-9A1E7A4F7556}") = "QStack.Framework.SearchEngine", "QStack.Framework.SearchEngine\QStack.Framework.SearchEngine.csproj", "{D55711C6-BD2D-4B72-989B-CB9EE15C79E2}"
EndProject
Project("{9A19103F-16F7-4668-BE54-9A1E7A4F7556}") = "QStack.Framework.Util", "QStack.Framework.Util\QStack.Framework.Util.csproj", "{DD3522DD-14E0-43C3-A303-423B939F21CE}"
EndProject
Project("{9A19103F-16F7-4668-BE54-9A1E7A4F7556}") = "QStack.Web", "QStack.Web\QStack.Web.csproj", "{790E358E-8E45-4A4B-99DD-8CC120C3F2BC}"
EndProject
Global
	GlobalSection(SolutionConfigurationPlatforms) = preSolution
		Debug|Any CPU = Debug|Any CPU
		Release|Any CPU = Release|Any CPU
	EndGlobalSection
	GlobalSection(ProjectConfigurationPlatforms) = postSolution
		{918DA4E0-9DDF-41EA-883A-C06C6DFBBD27}.Debug|Any CPU.ActiveCfg = Debug|Any CPU
		{918DA4E0-9DDF-41EA-883A-C06C6DFBBD27}.Debug|Any CPU.Build.0 = Debug|Any CPU
		{918DA4E0-9DDF-41EA-883A-C06C6DFBBD27}.Release|Any CPU.ActiveCfg = Release|Any CPU
		{918DA4E0-9DDF-41EA-883A-C06C6DFBBD27}.Release|Any CPU.Build.0 = Release|Any CPU
		{65303936-3E54-46DD-987E-2D892B66067D}.Debug|Any CPU.ActiveCfg = Debug|Any CPU
		{65303936-3E54-46DD-987E-2D892B66067D}.Debug|Any CPU.Build.0 = Debug|Any CPU
		{65303936-3E54-46DD-987E-2D892B66067D}.Release|Any CPU.ActiveCfg = Release|Any CPU
		{65303936-3E54-46DD-987E-2D892B66067D}.Release|Any CPU.Build.0 = Release|Any CPU
		{11805969-E1AF-4B08-8FC8-218A0E755E16}.Debug|Any CPU.ActiveCfg = Debug|Any CPU
		{11805969-E1AF-4B08-8FC8-218A0E755E16}.Debug|Any CPU.Build.0 = Debug|Any CPU
		{11805969-E1AF-4B08-8FC8-218A0E755E16}.Release|Any CPU.ActiveCfg = Release|Any CPU
		{11805969-E1AF-4B08-8FC8-218A0E755E16}.Release|Any CPU.Build.0 = Release|Any CPU
		{BDE2B318-339E-4998-A35F-5CD192BB02F5}.Debug|Any CPU.ActiveCfg = Debug|Any CPU
		{BDE2B318-339E-4998-A35F-5CD192BB02F5}.Debug|Any CPU.Build.0 = Debug|Any CPU
		{BDE2B318-339E-4998-A35F-5CD192BB02F5}.Release|Any CPU.ActiveCfg = Release|Any CPU
		{BDE2B318-339E-4998-A35F-5CD192BB02F5}.Release|Any CPU.Build.0 = Release|Any CPU
		{C24A9B15-4577-4DCD-A960-9ECB3B7F07B0}.Debug|Any CPU.ActiveCfg = Debug|Any CPU
		{C24A9B15-4577-4DCD-A960-9ECB3B7F07B0}.Debug|Any CPU.Build.0 = Debug|Any CPU
		{C24A9B15-4577-4DCD-A960-9ECB3B7F07B0}.Release|Any CPU.ActiveCfg = Release|Any CPU
		{C24A9B15-4577-4DCD-A960-9ECB3B7F07B0}.Release|Any CPU.Build.0 = Release|Any CPU
		{CCF663FB-C1D2-495B-8200-C60AC66452D8}.Debug|Any CPU.ActiveCfg = Debug|Any CPU
		{CCF663FB-C1D2-495B-8200-C60AC66452D8}.Debug|Any CPU.Build.0 = Debug|Any CPU
		{CCF663FB-C1D2-495B-8200-C60AC66452D8}.Release|Any CPU.ActiveCfg = Release|Any CPU
		{CCF663FB-C1D2-495B-8200-C60AC66452D8}.Release|Any CPU.Build.0 = Release|Any CPU
		{E83D935A-4C75-4F8E-B1CC-9060AFBF014C}.Debug|Any CPU.ActiveCfg = Debug|Any CPU
		{E83D935A-4C75-4F8E-B1CC-9060AFBF014C}.Debug|Any CPU.Build.0 = Debug|Any CPU
		{E83D935A-4C75-4F8E-B1CC-9060AFBF014C}.Release|Any CPU.ActiveCfg = Release|Any CPU
		{E83D935A-4C75-4F8E-B1CC-9060AFBF014C}.Release|Any CPU.Build.0 = Release|Any CPU
		{68FA2266-842A-41E5-8F6A-4F5B1212FBD1}.Debug|Any CPU.ActiveCfg = Debug|Any CPU
		{68FA2266-842A-41E5-8F6A-4F5B1212FBD1}.Debug|Any CPU.Build.0 = Debug|Any CPU
		{68FA2266-842A-41E5-8F6A-4F5B1212FBD1}.Release|Any CPU.ActiveCfg = Release|Any CPU
		{68FA2266-842A-41E5-8F6A-4F5B1212FBD1}.Release|Any CPU.Build.0 = Release|Any CPU
		{785B82C4-6D0A-4AF2-9A59-01D89C551360}.Debug|Any CPU.ActiveCfg = Debug|Any CPU
		{785B82C4-6D0A-4AF2-9A59-01D89C551360}.Debug|Any CPU.Build.0 = Debug|Any CPU
		{785B82C4-6D0A-4AF2-9A59-01D89C551360}.Release|Any CPU.ActiveCfg = Release|Any CPU
		{785B82C4-6D0A-4AF2-9A59-01D89C551360}.Release|Any CPU.Build.0 = Release|Any CPU
		{237CA436-47FE-45A7-B037-63BF9E2D6173}.Debug|Any CPU.ActiveCfg = Debug|Any CPU
		{237CA436-47FE-45A7-B037-63BF9E2D6173}.Debug|Any CPU.Build.0 = Debug|Any CPU
		{237CA436-47FE-45A7-B037-63BF9E2D6173}.Release|Any CPU.ActiveCfg = Release|Any CPU
		{237CA436-47FE-45A7-B037-63BF9E2D6173}.Release|Any CPU.Build.0 = Release|Any CPU
		{625A37F1-3AF2-46A8-83B3-C71B73C7E4EF}.Debug|Any CPU.ActiveCfg = Debug|Any CPU
		{625A37F1-3AF2-46A8-83B3-C71B73C7E4EF}.Debug|Any CPU.Build.0 = Debug|Any CPU
		{625A37F1-3AF2-46A8-83B3-C71B73C7E4EF}.Release|Any CPU.ActiveCfg = Release|Any CPU
		{625A37F1-3AF2-46A8-83B3-C71B73C7E4EF}.Release|Any CPU.Build.0 = Release|Any CPU
		{5B9ED869-5FDB-4F40-B64F-868916548A64}.Debug|Any CPU.ActiveCfg = Debug|Any CPU
		{5B9ED869-5FDB-4F40-B64F-868916548A64}.Debug|Any CPU.Build.0 = Debug|Any CPU
		{5B9ED869-5FDB-4F40-B64F-868916548A64}.Release|Any CPU.ActiveCfg = Release|Any CPU
		{5B9ED869-5FDB-4F40-B64F-868916548A64}.Release|Any CPU.Build.0 = Release|Any CPU
		{1C69984C-B8FA-4450-A400-6942C6D38E4E}.Debug|Any CPU.ActiveCfg = Debug|Any CPU
		{1C69984C-B8FA-4450-A400-6942C6D38E4E}.Debug|Any CPU.Build.0 = Debug|Any CPU
		{1C69984C-B8FA-4450-A400-6942C6D38E4E}.Release|Any CPU.ActiveCfg = Release|Any CPU
		{1C69984C-B8FA-4450-A400-6942C6D38E4E}.Release|Any CPU.Build.0 = Release|Any CPU
		{A9850349-A38D-4934-8C42-BB5F06010DEA}.Debug|Any CPU.ActiveCfg = Debug|Any CPU
		{A9850349-A38D-4934-8C42-BB5F06010DEA}.Debug|Any CPU.Build.0 = Debug|Any CPU
		{A9850349-A38D-4934-8C42-BB5F06010DEA}.Release|Any CPU.ActiveCfg = Release|Any CPU
		{A9850349-A38D-4934-8C42-BB5F06010DEA}.Release|Any CPU.Build.0 = Release|Any CPU
		{D55711C6-BD2D-4B72-989B-CB9EE15C79E2}.Debug|Any CPU.ActiveCfg = Debug|Any CPU
		{D55711C6-BD2D-4B72-989B-CB9EE15C79E2}.Debug|Any CPU.Build.0 = Debug|Any CPU
		{D55711C6-BD2D-4B72-989B-CB9EE15C79E2}.Release|Any CPU.ActiveCfg = Release|Any CPU
		{D55711C6-BD2D-4B72-989B-CB9EE15C79E2}.Release|Any CPU.Build.0 = Release|Any CPU
		{DD3522DD-14E0-43C3-A303-423B939F21CE}.Debug|Any CPU.ActiveCfg = Debug|Any CPU
		{DD3522DD-14E0-43C3-A303-423B939F21CE}.Debug|Any CPU.Build.0 = Debug|Any CPU
		{DD3522DD-14E0-43C3-A303-423B939F21CE}.Release|Any CPU.ActiveCfg = Release|Any CPU
		{DD3522DD-14E0-43C3-A303-423B939F21CE}.Release|Any CPU.Build.0 = Release|Any CPU
		{790E358E-8E45-4A4B-99DD-8CC120C3F2BC}.Debug|Any CPU.ActiveCfg = Debug|Any CPU
		{790E358E-8E45-4A4B-99DD-8CC120C3F2BC}.Debug|Any CPU.Build.0 = Debug|Any CPU
		{790E358E-8E45-4A4B-99DD-8CC120C3F2BC}.Release|Any CPU.ActiveCfg = Release|Any CPU
		{790E358E-8E45-4A4B-99DD-8CC120C3F2BC}.Release|Any CPU.Build.0 = Release|Any CPU
	EndGlobalSection
	GlobalSection(SolutionProperties) = preSolution
		HideSolutionNode = FALSE
	EndGlobalSection
	GlobalSection(NestedProjects) = preSolution
		{EA28D738-0FFC-4D80-B2C3-402AC6DA2357} = {483F9BA2-CC0B-469B-8D78-FB022F555F1E}
		{65303936-3E54-46DD-987E-2D892B66067D} = {EA28D738-0FFC-4D80-B2C3-402AC6DA2357}
		{022D4A87-1A41-49E7-9A16-E79AF7DC7981} = {483F9BA2-CC0B-469B-8D78-FB022F555F1E}
		{11805969-E1AF-4B08-8FC8-218A0E755E16} = {022D4A87-1A41-49E7-9A16-E79AF7DC7981}
		{BDE2B318-339E-4998-A35F-5CD192BB02F5} = {483F9BA2-CC0B-469B-8D78-FB022F555F1E}
		{C24A9B15-4577-4DCD-A960-9ECB3B7F07B0} = {483F9BA2-CC0B-469B-8D78-FB022F555F1E}
	EndGlobalSection
	GlobalSection(ExtensibilityGlobals) = postSolution
		SolutionGuid = {E56C7DF3-2E1F-4C2C-ADEB-C622F6535316}
	EndGlobalSection
EndGlobal
